
Microsoft Visual Studio Solution File, Format Version 12.00
# Visual Studio Version 17
VisualStudioVersion = 17.10.35013.160
MinimumVisualStudioVersion = 10.0.40219.1
Project("{9A19103F-16F7-4668-BE54-9A1E7A4F7556}") = "BlogSite.Entity", "BlogSite.Entity\BlogSite.Entity.csproj", "{BF05E8ED-6825-406D-84CA-6DE14C956704}"
EndProject
Project("{9A19103F-16F7-4668-BE54-9A1E7A4F7556}") = "BlogSite.DataAccessLayer", "BlogSite.DataAccessLayer\BlogSite.DataAccessLayer.csproj", "{724EFE18-8AB0-4CC6-825E-879CF021532F}"
EndProject
Project("{9A19103F-16F7-4668-BE54-9A1E7A4F7556}") = "BlogSite.Core", "BlogSite.Core\BlogSite.Core.csproj", "{75BB3D77-8EBC-45B3-B26E-D54AF56ADA42}"
EndProject
Project("{9A19103F-16F7-4668-BE54-9A1E7A4F7556}") = "BlogSite.Web", "BlogSite.Web\BlogSite.Web.csproj", "{C8AAAFC9-AB42-482A-9873-ED4860EFD899}"
EndProject
Project("{FAE04EC0-301F-11D3-BF4B-00C04F79EFBC}") = "BlogSite.Service", "BlogSite.Service\BlogSite.Service.csproj", "{9C8E166D-9F40-47A2-92B1-C3296D48404F}"
EndProject
Global
	GlobalSection(SolutionConfigurationPlatforms) = preSolution
		Debug|Any CPU = Debug|Any CPU
		Release|Any CPU = Release|Any CPU
	EndGlobalSection
	GlobalSection(ProjectConfigurationPlatforms) = postSolution
		{BF05E8ED-6825-406D-84CA-6DE14C956704}.Debug|Any CPU.ActiveCfg = Debug|Any CPU
		{BF05E8ED-6825-406D-84CA-6DE14C956704}.Debug|Any CPU.Build.0 = Debug|Any CPU
		{BF05E8ED-6825-406D-84CA-6DE14C956704}.Release|Any CPU.ActiveCfg = Release|Any CPU
		{BF05E8ED-6825-406D-84CA-6DE14C956704}.Release|Any CPU.Build.0 = Release|Any CPU
		{724EFE18-8AB0-4CC6-825E-879CF021532F}.Debug|Any CPU.ActiveCfg = Debug|Any CPU
		{724EFE18-8AB0-4CC6-825E-879CF021532F}.Debug|Any CPU.Build.0 = Debug|Any CPU
		{724EFE18-8AB0-4CC6-825E-879CF021532F}.Release|Any CPU.ActiveCfg = Release|Any CPU
		{724EFE18-8AB0-4CC6-825E-879CF021532F}.Release|Any CPU.Build.0 = Release|Any CPU
		{75BB3D77-8EBC-45B3-B26E-D54AF56ADA42}.Debug|Any CPU.ActiveCfg = Debug|Any CPU
		{75BB3D77-8EBC-45B3-B26E-D54AF56ADA42}.Debug|Any CPU.Build.0 = Debug|Any CPU
		{75BB3D77-8EBC-45B3-B26E-D54AF56ADA42}.Release|Any CPU.ActiveCfg = Release|Any CPU
		{75BB3D77-8EBC-45B3-B26E-D54AF56ADA42}.Release|Any CPU.Build.0 = Release|Any CPU
		{C8AAAFC9-AB42-482A-9873-ED4860EFD899}.Debug|Any CPU.ActiveCfg = Debug|Any CPU
		{C8AAAFC9-AB42-482A-9873-ED4860EFD899}.Debug|Any CPU.Build.0 = Debug|Any CPU
		{C8AAAFC9-AB42-482A-9873-ED4860EFD899}.Release|Any CPU.ActiveCfg = Release|Any CPU
		{C8AAAFC9-AB42-482A-9873-ED4860EFD899}.Release|Any CPU.Build.0 = Release|Any CPU
		{9C8E166D-9F40-47A2-92B1-C3296D48404F}.Debug|Any CPU.ActiveCfg = Debug|Any CPU
		{9C8E166D-9F40-47A2-92B1-C3296D48404F}.Debug|Any CPU.Build.0 = Debug|Any CPU
		{9C8E166D-9F40-47A2-92B1-C3296D48404F}.Release|Any CPU.ActiveCfg = Release|Any CPU
		{9C8E166D-9F40-47A2-92B1-C3296D48404F}.Release|Any CPU.Build.0 = Release|Any CPU
	EndGlobalSection
	GlobalSection(SolutionProperties) = preSolution
		HideSolutionNode = FALSE
	EndGlobalSection
	GlobalSection(ExtensibilityGlobals) = postSolution
		SolutionGuid = {CF5B1BCD-B51F-49F9-B1CA-E04E81609573}
	EndGlobalSection
EndGlobal
